<?xml version="1.0" encoding="utf-8"?>
<Project ToolsVersion="4.0" xmlns="http://schemas.microsoft.com/developer/msbuild/2003">
  <ItemGroup>
    <ClCompile Include="GameL\Audio.cpp">
      <Filter>リソースファイル</Filter>
    </ClCompile>
    <ClCompile Include="GameL\DirectXDevice.cpp">
      <Filter>リソースファイル</Filter>
    </ClCompile>
    <ClCompile Include="GameL\Draw2DTex_Source.cpp">
      <Filter>リソースファイル</Filter>
    </ClCompile>
    <ClCompile Include="GameL\DrawFont.cpp">
      <Filter>リソースファイル</Filter>
    </ClCompile>
    <ClCompile Include="GameL\DrawTexture.cpp">
      <Filter>リソースファイル</Filter>
    </ClCompile>
    <ClCompile Include="GameL\GameL_Main.cpp">
      <Filter>リソースファイル</Filter>
    </ClCompile>
    <ClCompile Include="GameL\HitBoxManager.cpp">
      <Filter>リソースファイル</Filter>
    </ClCompile>
    <ClCompile Include="GameL\MultiThread.cpp">
      <Filter>リソースファイル</Filter>
    </ClCompile>
    <ClCompile Include="GameL\SceneManager.cpp">
      <Filter>リソースファイル</Filter>
    </ClCompile>
    <ClCompile Include="GameL\SceneObjManager.cpp">
      <Filter>リソースファイル</Filter>
    </ClCompile>
    <ClCompile Include="GameL\SetWindow.cpp">
      <Filter>リソースファイル</Filter>
    </ClCompile>
    <ClCompile Include="GameL\UserData.cpp">
      <Filter>リソースファイル</Filter>
    </ClCompile>
    <ClCompile Include="GameL\WICTextureLoader.cpp">
      <Filter>リソースファイル</Filter>
    </ClCompile>
    <ClCompile Include="GameL\WinInputs.cpp">
      <Filter>リソースファイル</Filter>
    </ClCompile>
    <ClCompile Include="CObjStarPicbook.cpp">
      <Filter>ソースファイル\Obj\星図鑑</Filter>
    </ClCompile>
    <ClCompile Include="ObjAncer.cpp">
      <Filter>ソースファイル\Obj\主人公・アンカー・アイテム</Filter>
    </ClCompile>
    <ClCompile Include="ObjFirstStar.cpp">
      <Filter>ソースファイル\Obj\星</Filter>
    </ClCompile>
    <ClCompile Include="ObjGameKuria.cpp">
      <Filter>ソースファイル\Obj\タイトル・操作・クリア</Filter>
    </ClCompile>
    <ClCompile Include="ObjHero.cpp">
      <Filter>ソースファイル\Obj\主人公・アンカー・アイテム</Filter>
    </ClCompile>
    <ClCompile Include="ObjMars.cpp">
      <Filter>ソースファイル\Obj\火星地表</Filter>
    </ClCompile>
    <ClCompile Include="ObjSelectPlanet.cpp">
      <Filter>ソースファイル\Obj\ステージ選択</Filter>
    </ClCompile>
    <ClCompile Include="ObjStageselect.cpp">
      <Filter>ソースファイル\Obj\ステージ選択</Filter>
    </ClCompile>
    <ClCompile Include="ObjTitle.cpp">
      <Filter>ソースファイル\Obj\タイトル・操作・クリア</Filter>
    </ClCompile>
    <ClCompile Include="ObjOperation.cpp">
      <Filter>ソースファイル\Obj</Filter>
    </ClCompile>
    <ClCompile Include="SceneOperation.cpp">
      <Filter>ソースファイル\Scene</Filter>
    </ClCompile>
    <ClCompile Include="SceneMars.cpp">
      <Filter>ソースファイル\Scene\火星</Filter>
    </ClCompile>
    <ClCompile Include="SceneStageselect.cpp">
      <Filter>ソースファイル\Scene\ステージ選択</Filter>
    </ClCompile>
    <ClCompile Include="SceneStarPicbook.cpp">
      <Filter>ソースファイル\Scene\星図鑑</Filter>
    </ClCompile>
    <ClCompile Include="SceneTitle.cpp">
      <Filter>ソースファイル\Scene\タイトル・操作・クリア</Filter>
    </ClCompile>
    <ClCompile Include="CObjOperation.h">
      <Filter>ヘッダーファイル\Obj</Filter>
    </ClCompile>
    <ClCompile Include="SceneGameKuria.cpp">
      <Filter>ソースファイル\Scene\タイトル・操作・クリア</Filter>
    </ClCompile>
    <ClCompile Include="SceneSaturn.cpp">
      <Filter>ソースファイル\Scene\土星</Filter>
    </ClCompile>
    <ClCompile Include="ObjSaturn.cpp">
      <Filter>ソースファイル\Obj\土星</Filter>
    </ClCompile>
    <ClCompile Include="ObjJupiter.cpp">
      <Filter>ソースファイル\Obj\木星</Filter>
    </ClCompile>
    <ClCompile Include="ObjAitem.cpp">
      <Filter>ソースファイル\Obj\主人公・アンカー・アイテム</Filter>
    </ClCompile>
    <ClCompile Include="ObjSecondStar.cpp">
      <Filter>ソースファイル\Obj\星</Filter>
    </ClCompile>
    <ClCompile Include="ObjStarCount.cpp">
      <Filter>ソースファイル\Obj\星</Filter>
    </ClCompile>
    <ClCompile Include="ObjBackground.cpp">
      <Filter>ソースファイル\Obj\通常時背景</Filter>
    </ClCompile>
    <ClCompile Include="ObjEvent.cpp">
      <Filter>ソースファイル\Obj\イベント</Filter>
    </ClCompile>
    <ClCompile Include="Objstaminagaugeframe.cpp">
      <Filter>ソースファイル\Obj\ゲージ関係\スタミナ</Filter>
    </ClCompile>
    <ClCompile Include="Objstaminagauge.cpp">
      <Filter>ソースファイル\Obj\ゲージ関係\スタミナ</Filter>
    </ClCompile>
    <ClCompile Include="ObjStarPresent.cpp">
      <Filter>ソースファイル\Obj\星図鑑</Filter>
    </ClCompile>
    <ClCompile Include="ObjStarPresent2.cpp">
      <Filter>ソースファイル\Obj\星図鑑</Filter>
    </ClCompile>
    <ClCompile Include="StarBook.cpp">
      <Filter>ソースファイル\Obj\星図鑑</Filter>
    </ClCompile>
  </ItemGroup>
  <ItemGroup>
    <ClInclude Include="GameL\Audio.h">
      <Filter>リソースファイル</Filter>
    </ClInclude>
    <ClInclude Include="GameL\DirectXDevice.h">
      <Filter>リソースファイル</Filter>
    </ClInclude>
    <ClInclude Include="GameL\DirectXTex.h">
      <Filter>リソースファイル</Filter>
    </ClInclude>
    <ClInclude Include="GameL\DrawFont.h">
      <Filter>リソースファイル</Filter>
    </ClInclude>
    <ClInclude Include="GameL\DrawTexture.h">
      <Filter>リソースファイル</Filter>
    </ClInclude>
    <ClInclude Include="GameHead.h">
      <Filter>ヘッダーファイル</Filter>
    </ClInclude>
    <ClInclude Include="GameL\HitBoxManager.h">
      <Filter>リソースファイル</Filter>
    </ClInclude>
    <ClInclude Include="GameL\MultiThread.h">
      <Filter>リソースファイル</Filter>
    </ClInclude>
    <ClInclude Include="GameL\SceneManager.h">
      <Filter>リソースファイル</Filter>
    </ClInclude>
    <ClInclude Include="GameL\SceneObjManager.h">
      <Filter>リソースファイル</Filter>
    </ClInclude>
    <ClInclude Include="GameL\SetWindow.h">
      <Filter>リソースファイル</Filter>
    </ClInclude>
    <ClInclude Include="GameL\UserData.h">
      <Filter>リソースファイル</Filter>
    </ClInclude>
    <ClInclude Include="GameL\WICTextureLoader.h">
      <Filter>リソースファイル</Filter>
    </ClInclude>
    <ClInclude Include="GameL\WinInputs.h">
      <Filter>リソースファイル</Filter>
    </ClInclude>
    <ClInclude Include="ObjAncer.h">
      <Filter>ヘッダーファイル\Obj\主人公・アンカー・アイテム</Filter>
    </ClInclude>
    <ClInclude Include="ObjHero.h">
      <Filter>ヘッダーファイル\Obj\主人公・アンカー・アイテム</Filter>
    </ClInclude>
    <ClInclude Include="ObjSelectPlanet.h">
      <Filter>ヘッダーファイル\Obj\ステージ選択</Filter>
    </ClInclude>
    <ClInclude Include="ObjStageselect.h">
      <Filter>ヘッダーファイル\Obj\ステージ選択</Filter>
    </ClInclude>
    <ClInclude Include="CObjStarPicbook.h">
      <Filter>ヘッダーファイル\Obj\星図鑑</Filter>
    </ClInclude>
    <ClInclude Include="ObjMars.h">
      <Filter>ヘッダーファイル\Obj\火星地表</Filter>
    </ClInclude>
    <ClInclude Include="ObjTitle.h">
      <Filter>ヘッダーファイル\Obj\タイトル・操作・クリア</Filter>
    </ClInclude>
    <ClInclude Include="ObjGameKuria.h">
      <Filter>ヘッダーファイル\Obj\タイトル・操作・クリア</Filter>
    </ClInclude>
    <ClInclude Include="main.h">
      <Filter>ヘッダーファイル</Filter>
    </ClInclude>
    <ClInclude Include="SceneGameKuria.h">
      <Filter>ヘッダーファイル\Scene\タイトル・操作・クリア</Filter>
    </ClInclude>
    <ClInclude Include="SceneTitle.h">
      <Filter>ヘッダーファイル\Scene\タイトル・操作・クリア</Filter>
    </ClInclude>
    <ClInclude Include="SceneStarPicbook.h">
      <Filter>ヘッダーファイル\Scene\星図鑑</Filter>
    </ClInclude>
    <ClInclude Include="SceneStageselect.h">
      <Filter>ヘッダーファイル\Scene\ステージ選択</Filter>
    </ClInclude>
    <ClInclude Include="ObjFirstStar.h">
      <Filter>ヘッダーファイル\Obj\星</Filter>
    </ClInclude>
    <ClInclude Include="ObjVenus.h">
      <Filter>ヘッダーファイル\Obj</Filter>
    </ClInclude>
    <ClInclude Include="SceneMars.h">
      <Filter>ヘッダーファイル\Scene\火星</Filter>
    </ClInclude>
    <ClInclude Include="ObjSaturn.h">
      <Filter>ヘッダーファイル\Obj\土星</Filter>
    </ClInclude>
    <ClInclude Include="SceneSaturn.h">
      <Filter>ヘッダーファイル\Scene\土星</Filter>
    </ClInclude>
    <ClInclude Include="ObjJupiter.h">
      <Filter>ヘッダーファイル\Obj\木星</Filter>
    </ClInclude>
    <ClInclude Include="ObjAitem.h">
      <Filter>ヘッダーファイル\Obj\主人公・アンカー・アイテム</Filter>
    </ClInclude>
    <ClInclude Include="ObjBackground.h">
      <Filter>ヘッダーファイル\Obj\ステージ背景</Filter>
    </ClInclude>
    <ClInclude Include="ObjStarPresent.h">
      <Filter>ヘッダーファイル\Obj\星図鑑</Filter>
    </ClInclude>
    <ClInclude Include="ObjStarCount.h">
      <Filter>ヘッダーファイル\Obj\星</Filter>
    </ClInclude>
    <ClInclude Include="ObjSecondStar.h" />
    <ClInclude Include="ObjSecondStar.h" />
    <ClInclude Include="Objstaminagauge.h">
      <Filter>ヘッダーファイル\Obj\ゲージ関係\スタミナ</Filter>
    </ClInclude>
    <ClInclude Include="Objstaminagaugeframe.h">
      <Filter>ヘッダーファイル\Obj\ゲージ関係\スタミナ</Filter>
    </ClInclude>
    <ClInclude Include="ObjEvent.h">
      <Filter>ヘッダーファイル\Obj\イベント</Filter>
    </ClInclude>
    <ClInclude Include="SceneOperation.h">
      <Filter>ヘッダーファイル\Scene\操作説明</Filter>
    </ClInclude>
    <ClInclude Include="ObjStarPresent2.h">
      <Filter>ヘッダーファイル\Obj\星図鑑</Filter>
    </ClInclude>
  </ItemGroup>
  <ItemGroup>
    <Filter Include="ソースファイル">
      <UniqueIdentifier>{4fd045a7-1a70-41ef-8f0b-a62cc54c4911}</UniqueIdentifier>
    </Filter>
    <Filter Include="ソースファイル\Obj">
      <UniqueIdentifier>{478466db-786c-4877-9e15-62f50d0c6df4}</UniqueIdentifier>
    </Filter>
    <Filter Include="ソースファイル\Obj\星">
      <UniqueIdentifier>{b2550f17-62a3-4a0d-9a35-70f6e889f72f}</UniqueIdentifier>
    </Filter>
    <Filter Include="ソースファイル\Obj\星図鑑">
      <UniqueIdentifier>{605c874b-78d1-4bee-b5ec-e00504a78aa1}</UniqueIdentifier>
    </Filter>
    <Filter Include="ソースファイル\Obj\ステージ選択">
      <UniqueIdentifier>{c601ddbc-589c-4192-bdc2-a5c3ec25526f}</UniqueIdentifier>
    </Filter>
    <Filter Include="ソースファイル\Obj\タイトル・操作・クリア">
      <UniqueIdentifier>{3623a0a2-c2c3-47c3-9c5b-0f0e92c3abc7}</UniqueIdentifier>
    </Filter>
    <Filter Include="ソースファイル\Scene">
      <UniqueIdentifier>{796498e1-f370-426a-b99b-67d6afa0b9db}</UniqueIdentifier>
    </Filter>
    <Filter Include="ソースファイル\Scene\火星">
      <UniqueIdentifier>{c5c9c6b6-2901-4a50-8adf-685bf4301053}</UniqueIdentifier>
    </Filter>
    <Filter Include="ソースファイル\Scene\タイトル・操作・クリア">
      <UniqueIdentifier>{5d01e0ae-bbb8-42c2-9924-2e7b7fe902a4}</UniqueIdentifier>
    </Filter>
    <Filter Include="ソースファイル\Scene\星図鑑">
      <UniqueIdentifier>{bc06af37-0b79-47e0-9267-470e7305abc6}</UniqueIdentifier>
    </Filter>
    <Filter Include="ソースファイル\Scene\ステージ選択">
      <UniqueIdentifier>{6f0ad119-4e78-4bc5-b75b-e51264451e6f}</UniqueIdentifier>
    </Filter>
    <Filter Include="ソースファイル\Scene\土星">
      <UniqueIdentifier>{c82cb9cf-3b33-4949-ab55-4b0aa3efc307}</UniqueIdentifier>
    </Filter>
    <Filter Include="ソースファイル\Obj\土星">
      <UniqueIdentifier>{972f2a0a-32ed-44a1-82b6-9b1ad514176d}</UniqueIdentifier>
    </Filter>
    <Filter Include="ソースファイル\Obj\木星">
      <UniqueIdentifier>{f65fa22e-fec1-4a22-af7b-25d6b6a71f7e}</UniqueIdentifier>
    </Filter>
    <Filter Include="ソースファイル\Obj\主人公・アンカー・アイテム">
      <UniqueIdentifier>{d6abb30b-8291-4128-a73c-13fa2398b6f4}</UniqueIdentifier>
    </Filter>
    <Filter Include="ソースファイル\Obj\イベント">
      <UniqueIdentifier>{4173891e-6be4-44b6-8558-124c436f1479}</UniqueIdentifier>
    </Filter>
    <Filter Include="ソースファイル\Obj\通常時背景">
      <UniqueIdentifier>{5dd70e48-8ca8-47d7-9a6b-23a38c872f88}</UniqueIdentifier>
    </Filter>
    <Filter Include="ソースファイル\Obj\火星地表">
      <UniqueIdentifier>{20ab9b7d-50fd-45be-879d-d3323ac5f2ea}</UniqueIdentifier>
    </Filter>
    <Filter Include="ヘッダーファイル">
      <UniqueIdentifier>{071e93ec-8ed4-43a4-8bc8-57a00b4ccc2b}</UniqueIdentifier>
    </Filter>
    <Filter Include="ヘッダーファイル\Obj">
      <UniqueIdentifier>{3cd27033-1ce1-4b5e-ae1f-4360f689a7bf}</UniqueIdentifier>
    </Filter>
    <Filter Include="ヘッダーファイル\Obj\タイトル・操作・クリア">
      <UniqueIdentifier>{e3e46130-a17b-48c6-8006-dfcfd26788a0}</UniqueIdentifier>
    </Filter>
    <Filter Include="ヘッダーファイル\Obj\星図鑑">
      <UniqueIdentifier>{37edce63-93ce-4fbb-acec-fd1166e0fdc5}</UniqueIdentifier>
    </Filter>
    <Filter Include="ヘッダーファイル\Obj\ステージ背景">
      <UniqueIdentifier>{db0e52e6-1c06-4dac-83a9-05aafcda1abf}</UniqueIdentifier>
    </Filter>
    <Filter Include="ヘッダーファイル\Obj\ステージ選択">
      <UniqueIdentifier>{a6f0a4fa-af98-4838-8c8c-1478317e085a}</UniqueIdentifier>
    </Filter>
    <Filter Include="ヘッダーファイル\Obj\星">
      <UniqueIdentifier>{9ca0541d-9a44-4a63-9268-d87408b0b81a}</UniqueIdentifier>
    </Filter>
    <Filter Include="ヘッダーファイル\Obj\土星">
      <UniqueIdentifier>{edfb548e-4942-4b95-8953-079571aa28dc}</UniqueIdentifier>
    </Filter>
    <Filter Include="ヘッダーファイル\Obj\木星">
      <UniqueIdentifier>{5d23a56f-a738-4a1d-b76d-006ec6af10c1}</UniqueIdentifier>
    </Filter>
    <Filter Include="ヘッダーファイル\Obj\主人公・アンカー・アイテム">
      <UniqueIdentifier>{af20f40b-bd11-4ddf-a6fb-56c83fe66b0a}</UniqueIdentifier>
    </Filter>
    <Filter Include="ヘッダーファイル\Obj\イベント">
      <UniqueIdentifier>{acc83aac-587f-4ea0-bba7-26cfe92203e1}</UniqueIdentifier>
    </Filter>
    <Filter Include="ヘッダーファイル\Obj\火星地表">
      <UniqueIdentifier>{152ba949-1b6b-4e21-bc93-7835af7852d4}</UniqueIdentifier>
    </Filter>
    <Filter Include="ヘッダーファイル\Scene">
      <UniqueIdentifier>{48fdc8d7-0797-4132-9b48-ca2aee7fed33}</UniqueIdentifier>
    </Filter>
    <Filter Include="ヘッダーファイル\Scene\タイトル・操作・クリア">
      <UniqueIdentifier>{0136c980-1449-41fc-ab44-f76a81c43f04}</UniqueIdentifier>
    </Filter>
    <Filter Include="ヘッダーファイル\Scene\星図鑑">
      <UniqueIdentifier>{e282656d-f8f8-487b-a980-0c5469cc18ec}</UniqueIdentifier>
    </Filter>
    <Filter Include="ヘッダーファイル\Scene\火星">
      <UniqueIdentifier>{d79c78d5-3270-4c71-955b-10b42baa995d}</UniqueIdentifier>
    </Filter>
    <Filter Include="ヘッダーファイル\Scene\ステージ選択">
      <UniqueIdentifier>{9997f91f-9e68-4ddf-a21f-3bc1e2337500}</UniqueIdentifier>
    </Filter>
    <Filter Include="ヘッダーファイル\Scene\土星">
      <UniqueIdentifier>{36ffdaf9-cf7c-426f-98b7-7a63de340666}</UniqueIdentifier>
    </Filter>
    <Filter Include="ソースファイル\Obj\ゲージ関係">
      <UniqueIdentifier>{f6c9ffdf-b9f8-49d2-b2c1-908fc13eb186}</UniqueIdentifier>
    </Filter>
    <Filter Include="ソースファイル\Obj\ゲージ関係\スタミナ">
      <UniqueIdentifier>{745ad11a-4506-4b54-8793-dad8ac797d02}</UniqueIdentifier>
    </Filter>
    <Filter Include="ヘッダーファイル\Obj\ゲージ関係">
      <UniqueIdentifier>{1510a3ad-bc02-4ec0-bea5-2d2541116d02}</UniqueIdentifier>
    </Filter>
    <Filter Include="ヘッダーファイル\Obj\ゲージ関係\スタミナ">
      <UniqueIdentifier>{a1e536cc-cbe0-438d-afd0-a62511fae73f}</UniqueIdentifier>
    </Filter>
    <Filter Include="リソースファイル">
      <UniqueIdentifier>{be714c94-ac62-44ce-8c11-50472f71239e}</UniqueIdentifier>
    </Filter>
    <Filter Include="ヘッダーファイル\Scene\操作説明">
      <UniqueIdentifier>{3b23623d-004b-4ee7-bf94-a16d45a6e65b}</UniqueIdentifier>
    </Filter>
  </ItemGroup>
  <ItemGroup>
    <None Include="GameL\DirectXTex.inl">
      <Filter>リソースファイル</Filter>
    </None>
  </ItemGroup>
  <ItemGroup>
    <Library Include="GameL\DirectXTex.lib">
      <Filter>リソースファイル</Filter>
    </Library>
  </ItemGroup>
</Project>